<?xml version="1.0" encoding="utf-8"?>
<Project ToolsVersion="4.0" xmlns="http://schemas.microsoft.com/developer/msbuild/2003">
  <ItemGroup>
    <Filter Include="brdfs">
      <UniqueIdentifier>{dbb14b4f-dc85-4d6e-88b4-58345a9539a0}</UniqueIdentifier>
    </Filter>
    <Filter Include="brdfs\microfacet">
      <UniqueIdentifier>{16ca302b-36f9-47ca-8ab2-d51d9dda1456}</UniqueIdentifier>
    </Filter>
    <Filter Include="api">
      <UniqueIdentifier>{c485be2e-a0c8-492d-b340-54cca859c251}</UniqueIdentifier>
    </Filter>
    <Filter Include="cameras">
      <UniqueIdentifier>{026fc60f-f60b-4520-b907-a7ddef4bff00}</UniqueIdentifier>
    </Filter>
    <Filter Include="filters">
      <UniqueIdentifier>{59a20f28-3682-4e86-9c24-3715dbdf8df4}</UniqueIdentifier>
    </Filter>
    <Filter Include="integrators">
      <UniqueIdentifier>{609277c8-324d-4f82-8a9e-eb4f1819445a}</UniqueIdentifier>
    </Filter>
    <Filter Include="lights">
      <UniqueIdentifier>{9db030e6-d6f9-4680-b954-4093fcd25bf2}</UniqueIdentifier>
    </Filter>
    <Filter Include="materials">
      <UniqueIdentifier>{f20153c0-b208-449a-b998-2c7163a5f2e3}</UniqueIdentifier>
    </Filter>
    <Filter Include="renderers">
      <UniqueIdentifier>{076e9448-b8ee-4217-ad18-b88058b204a7}</UniqueIdentifier>
    </Filter>
    <Filter Include="samplers">
      <UniqueIdentifier>{e76d65f4-338b-4469-9eb5-2be57d42846a}</UniqueIdentifier>
    </Filter>
    <Filter Include="shapes">
      <UniqueIdentifier>{2db141be-1ff4-4d0c-8fdf-379702213432}</UniqueIdentifier>
    </Filter>
    <Filter Include="textures">
      <UniqueIdentifier>{6a1e7dea-b401-4779-ab3d-8e6a371663c0}</UniqueIdentifier>
    </Filter>
  </ItemGroup>
  <ItemGroup>
    <ClInclude Include="brdfs\brdf.h">
      <Filter>brdfs</Filter>
    </ClInclude>
    <ClInclude Include="brdfs\compositedbrdf.h">
      <Filter>brdfs</Filter>
    </ClInclude>
    <ClInclude Include="brdfs\conductor.h">
      <Filter>brdfs</Filter>
    </ClInclude>
    <ClInclude Include="brdfs\dielectric.h">
      <Filter>brdfs</Filter>
    </ClInclude>
    <ClInclude Include="brdfs\dielectriclayer.h">
      <Filter>brdfs</Filter>
    </ClInclude>
    <ClInclude Include="brdfs\jimenez.h">
      <Filter>brdfs</Filter>
    </ClInclude>
    <ClInclude Include="brdfs\lambertian.h">
      <Filter>brdfs</Filter>
    </ClInclude>
    <ClInclude Include="brdfs\microfacet.h">
      <Filter>brdfs</Filter>
    </ClInclude>
    <ClInclude Include="brdfs\minnaert.h">
      <Filter>brdfs</Filter>
    </ClInclude>
    <ClInclude Include="brdfs\optics.h">
      <Filter>brdfs</Filter>
    </ClInclude>
    <ClInclude Include="brdfs\reflection.h">
      <Filter>brdfs</Filter>
    </ClInclude>
    <ClInclude Include="brdfs\specular.h">
      <Filter>brdfs</Filter>
    </ClInclude>
    <ClInclude Include="brdfs\transmission.h">
      <Filter>brdfs</Filter>
    </ClInclude>
    <ClInclude Include="brdfs\velvety.h">
      <Filter>brdfs</Filter>
    </ClInclude>
    <ClInclude Include="brdfs\microfacet\anisotropic_beckmann_distribution.h">
      <Filter>brdfs\microfacet</Filter>
    </ClInclude>
    <ClInclude Include="brdfs\microfacet\anisotropic_power_cosine_distribution.h">
      <Filter>brdfs\microfacet</Filter>
    </ClInclude>
    <ClInclude Include="brdfs\microfacet\beckmann_distribution.h">
      <Filter>brdfs\microfacet</Filter>
    </ClInclude>
    <ClInclude Include="brdfs\microfacet\fresnel.h">
      <Filter>brdfs\microfacet</Filter>
    </ClInclude>
    <ClInclude Include="brdfs\microfacet\power_cosine_distribution.h">
      <Filter>brdfs\microfacet</Filter>
    </ClInclude>
    <ClInclude Include="api\data.h">
      <Filter>api</Filter>
    </ClInclude>
    <ClInclude Include="api\datastream.h">
      <Filter>api</Filter>
    </ClInclude>
    <ClInclude Include="api\device.h">
      <Filter>api</Filter>
    </ClInclude>
    <ClInclude Include="api\framebuffer.h">
      <Filter>api</Filter>
    </ClInclude>
    <ClInclude Include="api\handle.h">
      <Filter>api</Filter>
    </ClInclude>
    <ClInclude Include="api\instance.h">
      <Filter>api</Filter>
    </ClInclude>
    <ClInclude Include="api\parms.h">
      <Filter>api</Filter>
    </ClInclude>
    <ClInclude Include="api\render_device.h">
      <Filter>api</Filter>
    </ClInclude>
    <ClInclude Include="api\scene.h">
      <Filter>api</Filter>
    </ClInclude>
    <ClInclude Include="api\swapchain.h">
      <Filter>api</Filter>
    </ClInclude>
    <ClInclude Include="api\variant.h">
      <Filter>api</Filter>
    </ClInclude>
    <ClInclude Include="cameras\camera.h">
      <Filter>cameras</Filter>
    </ClInclude>
    <ClInclude Include="cameras\depthoffieldcamera.h">
      <Filter>cameras</Filter>
    </ClInclude>
    <ClInclude Include="cameras\pinholecamera.h">
      <Filter>cameras</Filter>
    </ClInclude>
    <ClInclude Include="filters\boxfilter.h">
      <Filter>filters</Filter>
    </ClInclude>
    <ClInclude Include="filters\bsplinefilter.h">
      <Filter>filters</Filter>
    </ClInclude>
    <ClInclude Include="filters\filter.h">
      <Filter>filters</Filter>
    </ClInclude>
    <ClInclude Include="integrators\integrator.h">
      <Filter>integrators</Filter>
    </ClInclude>
    <ClInclude Include="integrators\pathtraceintegrator.h">
      <Filter>integrators</Filter>
    </ClInclude>
    <ClInclude Include="lights\ambientlight.h">
      <Filter>lights</Filter>
    </ClInclude>
    <ClInclude Include="lights\directionallight.h">
      <Filter>lights</Filter>
    </ClInclude>
    <ClInclude Include="lights\distantlight.h">
      <Filter>lights</Filter>
    </ClInclude>
    <ClInclude Include="lights\hdrilight.h">
      <Filter>lights</Filter>
    </ClInclude>
    <ClInclude Include="lights\light.h">
      <Filter>lights</Filter>
    </ClInclude>
    <ClInclude Include="lights\pointlight.h">
      <Filter>lights</Filter>
    </ClInclude>
    <ClInclude Include="lights\spotlight.h">
      <Filter>lights</Filter>
    </ClInclude>
    <ClInclude Include="lights\trianglelight.h">
      <Filter>lights</Filter>
    </ClInclude>
    <ClInclude Include="materials\dielectric.h">
      <Filter>materials</Filter>
    </ClInclude>
    <ClInclude Include="materials\material.h">
      <Filter>materials</Filter>
    </ClInclude>
    <ClInclude Include="materials\matte.h">
      <Filter>materials</Filter>
    </ClInclude>
    <ClInclude Include="materials\matte_textured.h">
      <Filter>materials</Filter>
    </ClInclude>
    <ClInclude Include="materials\medium.h">
      <Filter>materials</Filter>
    </ClInclude>
    <ClInclude Include="materials\metal.h">
      <Filter>materials</Filter>
    </ClInclude>
    <ClInclude Include="materials\metallicpaint.h">
      <Filter>materials</Filter>
    </ClInclude>
    <ClInclude Include="materials\mirror.h">
      <Filter>materials</Filter>
    </ClInclude>
    <ClInclude Include="materials\obj.h">
      <Filter>materials</Filter>
    </ClInclude>
    <ClInclude Include="materials\plastic.h">
      <Filter>materials</Filter>
    </ClInclude>
    <ClInclude Include="materials\thindielectric.h">
      <Filter>materials</Filter>
    </ClInclude>
    <ClInclude Include="materials\velvet.h">
      <Filter>materials</Filter>
    </ClInclude>
    <ClInclude Include="renderers\debugrenderer.h">
      <Filter>renderers</Filter>
    </ClInclude>
    <ClInclude Include="renderers\integratorrenderer.h">
      <Filter>renderers</Filter>
    </ClInclude>
    <ClInclude Include="renderers\progress.h">
      <Filter>renderers</Filter>
    </ClInclude>
    <ClInclude Include="renderers\renderer.h">
      <Filter>renderers</Filter>
    </ClInclude>
    <ClInclude Include="samplers\distribution1d.h">
      <Filter>samplers</Filter>
    </ClInclude>
    <ClInclude Include="samplers\distribution2d.h">
      <Filter>samplers</Filter>
    </ClInclude>
    <ClInclude Include="samplers\patterns.h">
      <Filter>samplers</Filter>
    </ClInclude>
    <ClInclude Include="samplers\sample.h">
      <Filter>samplers</Filter>
    </ClInclude>
    <ClInclude Include="samplers\sampler.h">
      <Filter>samplers</Filter>
    </ClInclude>
    <ClInclude Include="samplers\shapesampler.h">
      <Filter>samplers</Filter>
    </ClInclude>
    <ClInclude Include="shapes\differentialgeometry.h">
      <Filter>shapes</Filter>
    </ClInclude>
    <ClInclude Include="shapes\shape.h">
      <Filter>shapes</Filter>
    </ClInclude>
    <ClInclude Include="shapes\sphere.h">
      <Filter>shapes</Filter>
    </ClInclude>
    <ClInclude Include="shapes\triangle.h">
      <Filter>shapes</Filter>
    </ClInclude>
    <ClInclude Include="shapes\trianglemesh.h">
      <Filter>shapes</Filter>
    </ClInclude>
    <ClInclude Include="shapes\trianglemesh_normals.h">
      <Filter>shapes</Filter>
    </ClInclude>
    <ClInclude Include="textures\nearestneighbor.h">
      <Filter>textures</Filter>
    </ClInclude>
    <ClInclude Include="textures\texture.h">
      <Filter>textures</Filter>
    </ClInclude>
    <ClInclude Include="default.h" />
  </ItemGroup>
  <ItemGroup>
    <ClCompile Include="api\device.cpp">
      <Filter>api</Filter>
    </ClCompile>
    <ClCompile Include="api\render_device.cpp">
      <Filter>api</Filter>
    </ClCompile>
    <ClCompile Include="filters\filter.cpp">
      <Filter>filters</Filter>
    </ClCompile>
    <ClCompile Include="integrators\pathtraceintegrator.cpp">
      <Filter>integrators</Filter>
    </ClCompile>
    <ClCompile Include="lights\hdrilight.cpp">
      <Filter>lights</Filter>
    </ClCompile>
    <ClCompile Include="renderers\debugrenderer.cpp">
      <Filter>renderers</Filter>
    </ClCompile>
    <ClCompile Include="renderers\integratorrenderer.cpp">
      <Filter>renderers</Filter>
    </ClCompile>
    <ClCompile Include="renderers\progress.cpp">
      <Filter>renderers</Filter>
    </ClCompile>
    <ClCompile Include="samplers\distribution1d.cpp">
      <Filter>samplers</Filter>
    </ClCompile>
    <ClCompile Include="samplers\distribution2d.cpp">
      <Filter>samplers</Filter>
    </ClCompile>
    <ClCompile Include="samplers\sampler.cpp">
      <Filter>samplers</Filter>
    </ClCompile>
    <ClCompile Include="shapes\trianglemesh.cpp">
      <Filter>shapes</Filter>
    </ClCompile>
    <ClCompile Include="shapes\trianglemesh_normals.cpp">
      <Filter>shapes</Filter>
    </ClCompile>
  </ItemGroup>
</Project>